// !$*UTF8*$!
{
	archiveVersion = 1;
	classes = {
	};
	objectVersion = 48;
	objects = {

/* Begin PBXBuildFile section */
		50C5D40E97A76A571A88071B /* Pods_XmppSwift.framework in Frameworks */ = {isa = PBXBuildFile; fileRef = B0BBEE104DC5B89D96E4FD38 /* Pods_XmppSwift.framework */; };
		9D1F63EC1F9BB944009C0983 /* XmppSwift.framework in Frameworks */ = {isa = PBXBuildFile; fileRef = 9DBC48541F9B877D0074093C /* XmppSwift.framework */; };
		9D1F63F01F9DD7F8009C0983 /* XmppAuthenticator.swift in Sources */ = {isa = PBXBuildFile; fileRef = 9D1F63EF1F9DD7F8009C0983 /* XmppAuthenticator.swift */; };
		9D1F63F21F9DDDFD009C0983 /* XmppPlainAuthenticator.swift in Sources */ = {isa = PBXBuildFile; fileRef = 9D1F63F11F9DDDFD009C0983 /* XmppPlainAuthenticator.swift */; };
		9D1F63F41F9DDE36009C0983 /* XmppAnonymusAuthenticator.swift in Sources */ = {isa = PBXBuildFile; fileRef = 9D1F63F31F9DDE36009C0983 /* XmppAnonymusAuthenticator.swift */; };
		9D1F63F61F9E52EC009C0983 /* XmppReader.swift in Sources */ = {isa = PBXBuildFile; fileRef = 9D1F63F51F9E52EC009C0983 /* XmppReader.swift */; };
		9DA249611FA4EA58006455EC /* XmppStanza.swift in Sources */ = {isa = PBXBuildFile; fileRef = 9DA249601FA4EA58006455EC /* XmppStanza.swift */; };
		9DAA7CEB1FA5CAEE00B12978 /* XmppSocket.swift in Sources */ = {isa = PBXBuildFile; fileRef = 9DAA7CEA1FA5CAEE00B12978 /* XmppSocket.swift */; };
		9DAAB70C1FB4B0FE00D99304 /* XmppSrvResolver.swift in Sources */ = {isa = PBXBuildFile; fileRef = 9DAAB70B1FB4B0FE00D99304 /* XmppSrvResolver.swift */; };
		9DB6E3FF1FA266C600F48512 /* MulticastDelegate.swift in Sources */ = {isa = PBXBuildFile; fileRef = 9DB6E3FE1FA266C600F48512 /* MulticastDelegate.swift */; };
		9DB6E4011FA3E77E00F48512 /* XmppFeatures.swift in Sources */ = {isa = PBXBuildFile; fileRef = 9DB6E4001FA3E77E00F48512 /* XmppFeatures.swift */; };
		9DB6E4031FA3EB6A00F48512 /* XmppBinder.swift in Sources */ = {isa = PBXBuildFile; fileRef = 9DB6E4021FA3EB6A00F48512 /* XmppBinder.swift */; };
		9DB6E4051FA3EBCE00F48512 /* XmppDefaultBinder.swift in Sources */ = {isa = PBXBuildFile; fileRef = 9DB6E4041FA3EBCE00F48512 /* XmppDefaultBinder.swift */; };
		9DB93C351FC72AD6003B06F8 /* XmppStreamDelegate.swift in Sources */ = {isa = PBXBuildFile; fileRef = 9DB93C341FC72AD6003B06F8 /* XmppStreamDelegate.swift */; };
		9DBC48591F9B877D0074093C /* XmppSwift.h in Headers */ = {isa = PBXBuildFile; fileRef = 9DBC48571F9B877D0074093C /* XmppSwift.h */; settings = {ATTRIBUTES = (Public, ); }; };
		9DBC48661F9B8C070074093C /* XmppSwiftTests.swift in Sources */ = {isa = PBXBuildFile; fileRef = 9DBC48651F9B8C070074093C /* XmppSwiftTests.swift */; };
		9DBC486F1F9BABC80074093C /* XmppStream.swift in Sources */ = {isa = PBXBuildFile; fileRef = 9DBC486E1F9BABC80074093C /* XmppStream.swift */; };
		9DBC48711F9BADCB0074093C /* XmppJID.swift in Sources */ = {isa = PBXBuildFile; fileRef = 9DBC48701F9BADCB0074093C /* XmppJID.swift */; };
		9DC07B0E1FA1145F00A59542 /* XmppMessage.swift in Sources */ = {isa = PBXBuildFile; fileRef = 9DC07B0D1FA1145E00A59542 /* XmppMessage.swift */; };
		9DC07B101FA1149C00A59542 /* XmppIQ.swift in Sources */ = {isa = PBXBuildFile; fileRef = 9DC07B0F1FA1149C00A59542 /* XmppIQ.swift */; };
		9DC07B121FA114F600A59542 /* XmppPresence.swift in Sources */ = {isa = PBXBuildFile; fileRef = 9DC07B111FA114F600A59542 /* XmppPresence.swift */; };
		9DC07B161FA12EE600A59542 /* Helpers.swift in Sources */ = {isa = PBXBuildFile; fileRef = 9DC07B151FA12EE600A59542 /* Helpers.swift */; };
		9DF6A7EA1FF54350007A361C /* XmppContact.swift in Sources */ = {isa = PBXBuildFile; fileRef = 9DF6A7E81FF5434E007A361C /* XmppContact.swift */; };
		BCA2BA25AFE59F5775718929 /* Pods_XmppSwiftTests.framework in Frameworks */ = {isa = PBXBuildFile; fileRef = 676D634A573D008BD4FF81B8 /* Pods_XmppSwiftTests.framework */; };
/* End PBXBuildFile section */

/* Begin PBXContainerItemProxy section */
		9D1F63EA1F9BB90F009C0983 /* PBXContainerItemProxy */ = {
			isa = PBXContainerItemProxy;
			containerPortal = 9DBC484B1F9B877D0074093C /* Project object */;
			proxyType = 1;
			remoteGlobalIDString = 9DBC48531F9B877D0074093C;
			remoteInfo = XmppSwift;
		};
/* End PBXContainerItemProxy section */

/* Begin PBXFileReference section */
		0D568569AA758BD36B240812 /* Pods-XmppSwiftTests.debug.xcconfig */ = {isa = PBXFileReference; includeInIndex = 1; lastKnownFileType = text.xcconfig; name = "Pods-XmppSwiftTests.debug.xcconfig"; path = "Pods/Target Support Files/Pods-XmppSwiftTests/Pods-XmppSwiftTests.debug.xcconfig"; sourceTree = "<group>"; };
		1389E326DF2AD0F6C323528E /* Pods-XmppSwiftTests.release.xcconfig */ = {isa = PBXFileReference; includeInIndex = 1; lastKnownFileType = text.xcconfig; name = "Pods-XmppSwiftTests.release.xcconfig"; path = "Pods/Target Support Files/Pods-XmppSwiftTests/Pods-XmppSwiftTests.release.xcconfig"; sourceTree = "<group>"; };
		3142A38BD46231B101FC3372 /* Pods-XmppSwift.release.xcconfig */ = {isa = PBXFileReference; includeInIndex = 1; lastKnownFileType = text.xcconfig; name = "Pods-XmppSwift.release.xcconfig"; path = "Pods/Target Support Files/Pods-XmppSwift/Pods-XmppSwift.release.xcconfig"; sourceTree = "<group>"; };
		676D634A573D008BD4FF81B8 /* Pods_XmppSwiftTests.framework */ = {isa = PBXFileReference; explicitFileType = wrapper.framework; includeInIndex = 0; path = Pods_XmppSwiftTests.framework; sourceTree = BUILT_PRODUCTS_DIR; };
		9D1F63EF1F9DD7F8009C0983 /* XmppAuthenticator.swift */ = {isa = PBXFileReference; lastKnownFileType = sourcecode.swift; path = XmppAuthenticator.swift; sourceTree = "<group>"; };
		9D1F63F11F9DDDFD009C0983 /* XmppPlainAuthenticator.swift */ = {isa = PBXFileReference; lastKnownFileType = sourcecode.swift; path = XmppPlainAuthenticator.swift; sourceTree = "<group>"; };
		9D1F63F31F9DDE36009C0983 /* XmppAnonymusAuthenticator.swift */ = {isa = PBXFileReference; lastKnownFileType = sourcecode.swift; path = XmppAnonymusAuthenticator.swift; sourceTree = "<group>"; };
		9D1F63F51F9E52EC009C0983 /* XmppReader.swift */ = {isa = PBXFileReference; lastKnownFileType = sourcecode.swift; path = XmppReader.swift; sourceTree = "<group>"; };
		9DA249601FA4EA58006455EC /* XmppStanza.swift */ = {isa = PBXFileReference; lastKnownFileType = sourcecode.swift; path = XmppStanza.swift; sourceTree = "<group>"; };
		9DAA7CEA1FA5CAEE00B12978 /* XmppSocket.swift */ = {isa = PBXFileReference; lastKnownFileType = sourcecode.swift; path = XmppSocket.swift; sourceTree = "<group>"; };
		9DAAB70B1FB4B0FE00D99304 /* XmppSrvResolver.swift */ = {isa = PBXFileReference; fileEncoding = 4; lastKnownFileType = sourcecode.swift; path = XmppSrvResolver.swift; sourceTree = "<group>"; };
		9DB6E3FE1FA266C600F48512 /* MulticastDelegate.swift */ = {isa = PBXFileReference; lastKnownFileType = sourcecode.swift; path = MulticastDelegate.swift; sourceTree = "<group>"; };
		9DB6E4001FA3E77E00F48512 /* XmppFeatures.swift */ = {isa = PBXFileReference; lastKnownFileType = sourcecode.swift; path = XmppFeatures.swift; sourceTree = "<group>"; };
		9DB6E4021FA3EB6A00F48512 /* XmppBinder.swift */ = {isa = PBXFileReference; lastKnownFileType = sourcecode.swift; path = XmppBinder.swift; sourceTree = "<group>"; };
		9DB6E4041FA3EBCE00F48512 /* XmppDefaultBinder.swift */ = {isa = PBXFileReference; lastKnownFileType = sourcecode.swift; path = XmppDefaultBinder.swift; sourceTree = "<group>"; };
		9DB93C341FC72AD6003B06F8 /* XmppStreamDelegate.swift */ = {isa = PBXFileReference; lastKnownFileType = sourcecode.swift; path = XmppStreamDelegate.swift; sourceTree = "<group>"; };
		9DBC48541F9B877D0074093C /* XmppSwift.framework */ = {isa = PBXFileReference; explicitFileType = wrapper.framework; includeInIndex = 0; path = XmppSwift.framework; sourceTree = BUILT_PRODUCTS_DIR; };
		9DBC48571F9B877D0074093C /* XmppSwift.h */ = {isa = PBXFileReference; lastKnownFileType = sourcecode.c.h; path = XmppSwift.h; sourceTree = "<group>"; };
		9DBC48581F9B877D0074093C /* Info.plist */ = {isa = PBXFileReference; lastKnownFileType = text.plist.xml; path = Info.plist; sourceTree = "<group>"; };
		9DBC48631F9B8C070074093C /* XmppSwiftTests.xctest */ = {isa = PBXFileReference; explicitFileType = wrapper.cfbundle; includeInIndex = 0; path = XmppSwiftTests.xctest; sourceTree = BUILT_PRODUCTS_DIR; };
		9DBC48651F9B8C070074093C /* XmppSwiftTests.swift */ = {isa = PBXFileReference; lastKnownFileType = sourcecode.swift; path = XmppSwiftTests.swift; sourceTree = "<group>"; };
		9DBC48671F9B8C070074093C /* Info.plist */ = {isa = PBXFileReference; lastKnownFileType = text.plist.xml; path = Info.plist; sourceTree = "<group>"; };
		9DBC486E1F9BABC80074093C /* XmppStream.swift */ = {isa = PBXFileReference; lastKnownFileType = sourcecode.swift; path = XmppStream.swift; sourceTree = "<group>"; };
		9DBC48701F9BADCB0074093C /* XmppJID.swift */ = {isa = PBXFileReference; lastKnownFileType = sourcecode.swift; path = XmppJID.swift; sourceTree = "<group>"; };
		9DC07B0D1FA1145E00A59542 /* XmppMessage.swift */ = {isa = PBXFileReference; lastKnownFileType = sourcecode.swift; path = XmppMessage.swift; sourceTree = "<group>"; };
		9DC07B0F1FA1149C00A59542 /* XmppIQ.swift */ = {isa = PBXFileReference; lastKnownFileType = sourcecode.swift; path = XmppIQ.swift; sourceTree = "<group>"; };
		9DC07B111FA114F600A59542 /* XmppPresence.swift */ = {isa = PBXFileReference; lastKnownFileType = sourcecode.swift; path = XmppPresence.swift; sourceTree = "<group>"; };
		9DC07B151FA12EE600A59542 /* Helpers.swift */ = {isa = PBXFileReference; lastKnownFileType = sourcecode.swift; path = Helpers.swift; sourceTree = "<group>"; };
		9DF6A7E81FF5434E007A361C /* XmppContact.swift */ = {isa = PBXFileReference; fileEncoding = 4; lastKnownFileType = sourcecode.swift; path = XmppContact.swift; sourceTree = "<group>"; };
		B0BBEE104DC5B89D96E4FD38 /* Pods_XmppSwift.framework */ = {isa = PBXFileReference; explicitFileType = wrapper.framework; includeInIndex = 0; path = Pods_XmppSwift.framework; sourceTree = BUILT_PRODUCTS_DIR; };
		C7594283A1C33602784DF0E9 /* Pods-XmppSwift.debug.xcconfig */ = {isa = PBXFileReference; includeInIndex = 1; lastKnownFileType = text.xcconfig; name = "Pods-XmppSwift.debug.xcconfig"; path = "Pods/Target Support Files/Pods-XmppSwift/Pods-XmppSwift.debug.xcconfig"; sourceTree = "<group>"; };
/* End PBXFileReference section */

/* Begin PBXFrameworksBuildPhase section */
		9DBC48501F9B877D0074093C /* Frameworks */ = {
			isa = PBXFrameworksBuildPhase;
			buildActionMask = 2147483647;
			files = (
				50C5D40E97A76A571A88071B /* Pods_XmppSwift.framework in Frameworks */,
			);
			runOnlyForDeploymentPostprocessing = 0;
		};
		9DBC48601F9B8C070074093C /* Frameworks */ = {
			isa = PBXFrameworksBuildPhase;
			buildActionMask = 2147483647;
			files = (
				9D1F63EC1F9BB944009C0983 /* XmppSwift.framework in Frameworks */,
				BCA2BA25AFE59F5775718929 /* Pods_XmppSwiftTests.framework in Frameworks */,
			);
			runOnlyForDeploymentPostprocessing = 0;
		};
/* End PBXFrameworksBuildPhase section */

/* Begin PBXGroup section */
		9D57E9DF1FEAAFBA00903061 /* Core */ = {
			isa = PBXGroup;
			children = (
				9DBC486E1F9BABC80074093C /* XmppStream.swift */,
				9DB93C341FC72AD6003B06F8 /* XmppStreamDelegate.swift */,
				9DAA7CEA1FA5CAEE00B12978 /* XmppSocket.swift */,
				9DAAB70B1FB4B0FE00D99304 /* XmppSrvResolver.swift */,
				9D1F63F51F9E52EC009C0983 /* XmppReader.swift */,
				9DC07B0D1FA1145E00A59542 /* XmppMessage.swift */,
				9DC07B0F1FA1149C00A59542 /* XmppIQ.swift */,
				9DC07B111FA114F600A59542 /* XmppPresence.swift */,
				9DA249601FA4EA58006455EC /* XmppStanza.swift */,
				9DB6E4001FA3E77E00F48512 /* XmppFeatures.swift */,
				9DB6E4021FA3EB6A00F48512 /* XmppBinder.swift */,
				9DB6E4041FA3EBCE00F48512 /* XmppDefaultBinder.swift */,
				9D1F63EF1F9DD7F8009C0983 /* XmppAuthenticator.swift */,
				9D1F63F11F9DDDFD009C0983 /* XmppPlainAuthenticator.swift */,
				9D1F63F31F9DDE36009C0983 /* XmppAnonymusAuthenticator.swift */,
				9DBC48701F9BADCB0074093C /* XmppJID.swift */,
			);
			path = Core;
			sourceTree = "<group>";
		};
		9DBC484A1F9B877D0074093C = {
			isa = PBXGroup;
			children = (
				9DBC48561F9B877D0074093C /* Sources */,
				9DBC48641F9B8C070074093C /* Tests */,
				9DBC48551F9B877D0074093C /* Products */,
				F410F0B3E9CBCC5F042EE788 /* Pods */,
				D44F072205DDB0FD7E35FEC7 /* Frameworks */,
			);
			sourceTree = "<group>";
		};
		9DBC48551F9B877D0074093C /* Products */ = {
			isa = PBXGroup;
			children = (
				9DBC48541F9B877D0074093C /* XmppSwift.framework */,
				9DBC48631F9B8C070074093C /* XmppSwiftTests.xctest */,
			);
			name = Products;
			sourceTree = "<group>";
		};
		9DBC48561F9B877D0074093C /* Sources */ = {
			isa = PBXGroup;
			children = (
				9D57E9DF1FEAAFBA00903061 /* Core */,
				9DF6A7E71FF5434E007A361C /* Roster */,
				9DC07B151FA12EE600A59542 /* Helpers.swift */,
				9DB6E3FE1FA266C600F48512 /* MulticastDelegate.swift */,
				9DBC48571F9B877D0074093C /* XmppSwift.h */,
				9DBC48581F9B877D0074093C /* Info.plist */,
			);
			path = Sources;
			sourceTree = "<group>";
		};
		9DBC48641F9B8C070074093C /* Tests */ = {
			isa = PBXGroup;
			children = (
				9DBC486B1F9B92B90074093C /* XmppSwiftTests */,
				9DBC48671F9B8C070074093C /* Info.plist */,
			);
			path = Tests;
			sourceTree = "<group>";
		};
		9DBC486B1F9B92B90074093C /* XmppSwiftTests */ = {
			isa = PBXGroup;
			children = (
				9DBC48651F9B8C070074093C /* XmppSwiftTests.swift */,
			);
			path = XmppSwiftTests;
			sourceTree = "<group>";
		};
		9DF6A7E71FF5434E007A361C /* Roster */ = {
			isa = PBXGroup;
			children = (
				9DF6A7E81FF5434E007A361C /* XmppContact.swift */,
			);
			path = Roster;
			sourceTree = "<group>";
		};
		D44F072205DDB0FD7E35FEC7 /* Frameworks */ = {
			isa = PBXGroup;
			children = (
				B0BBEE104DC5B89D96E4FD38 /* Pods_XmppSwift.framework */,
				676D634A573D008BD4FF81B8 /* Pods_XmppSwiftTests.framework */,
			);
			name = Frameworks;
			sourceTree = "<group>";
		};
		F410F0B3E9CBCC5F042EE788 /* Pods */ = {
			isa = PBXGroup;
			children = (
				C7594283A1C33602784DF0E9 /* Pods-XmppSwift.debug.xcconfig */,
				3142A38BD46231B101FC3372 /* Pods-XmppSwift.release.xcconfig */,
				0D568569AA758BD36B240812 /* Pods-XmppSwiftTests.debug.xcconfig */,
				1389E326DF2AD0F6C323528E /* Pods-XmppSwiftTests.release.xcconfig */,
			);
			name = Pods;
			sourceTree = "<group>";
		};
/* End PBXGroup section */

/* Begin PBXHeadersBuildPhase section */
		9DBC48511F9B877D0074093C /* Headers */ = {
			isa = PBXHeadersBuildPhase;
			buildActionMask = 2147483647;
			files = (
				9DBC48591F9B877D0074093C /* XmppSwift.h in Headers */,
			);
			runOnlyForDeploymentPostprocessing = 0;
		};
/* End PBXHeadersBuildPhase section */

/* Begin PBXNativeTarget section */
		9DBC48531F9B877D0074093C /* XmppSwift */ = {
			isa = PBXNativeTarget;
			buildConfigurationList = 9DBC485C1F9B877D0074093C /* Build configuration list for PBXNativeTarget "XmppSwift" */;
			buildPhases = (
				280AF25209185D6BD76472C8 /* [CP] Check Pods Manifest.lock */,
				9DBC484F1F9B877D0074093C /* Sources */,
				9DBC48501F9B877D0074093C /* Frameworks */,
				9DBC48511F9B877D0074093C /* Headers */,
				9DBC48521F9B877D0074093C /* Resources */,
				EFF5F2CD97F1423CAA7D1B48 /* [CP] Copy Pods Resources */,
			);
			buildRules = (
			);
			dependencies = (
			);
			name = XmppSwift;
			productName = XmppSwift;
			productReference = 9DBC48541F9B877D0074093C /* XmppSwift.framework */;
			productType = "com.apple.product-type.framework";
		};
		9DBC48621F9B8C070074093C /* XmppSwiftTests */ = {
			isa = PBXNativeTarget;
			buildConfigurationList = 9DBC486A1F9B8C070074093C /* Build configuration list for PBXNativeTarget "XmppSwiftTests" */;
			buildPhases = (
				994450A5579FA777C3105ADA /* [CP] Check Pods Manifest.lock */,
				9DBC485F1F9B8C070074093C /* Sources */,
				9DBC48601F9B8C070074093C /* Frameworks */,
				9DBC48611F9B8C070074093C /* Resources */,
				8098305E381EFF21734E2D16 /* [CP] Embed Pods Frameworks */,
				DE1C99868D1D0CA04C481717 /* [CP] Copy Pods Resources */,
			);
			buildRules = (
			);
			dependencies = (
				9D1F63EB1F9BB90F009C0983 /* PBXTargetDependency */,
			);
			name = XmppSwiftTests;
			productName = XmppTests;
			productReference = 9DBC48631F9B8C070074093C /* XmppSwiftTests.xctest */;
			productType = "com.apple.product-type.bundle.unit-test";
		};
/* End PBXNativeTarget section */

/* Begin PBXProject section */
		9DBC484B1F9B877D0074093C /* Project object */ = {
			isa = PBXProject;
			attributes = {
				LastSwiftUpdateCheck = 0900;
				LastUpgradeCheck = 0900;
				ORGANIZATIONNAME = BiAtoms;
				TargetAttributes = {
					9DBC48531F9B877D0074093C = {
						CreatedOnToolsVersion = 9.0;
						LastSwiftMigration = 0900;
						ProvisioningStyle = Automatic;
					};
					9DBC48621F9B8C070074093C = {
						CreatedOnToolsVersion = 9.0;
						ProvisioningStyle = Automatic;
					};
				};
			};
			buildConfigurationList = 9DBC484E1F9B877D0074093C /* Build configuration list for PBXProject "XmppSwift" */;
			compatibilityVersion = "Xcode 8.0";
			developmentRegion = en;
			hasScannedForEncodings = 0;
			knownRegions = (
				en,
			);
			mainGroup = 9DBC484A1F9B877D0074093C;
			productRefGroup = 9DBC48551F9B877D0074093C /* Products */;
			projectDirPath = "";
			projectRoot = "";
			targets = (
				9DBC48531F9B877D0074093C /* XmppSwift */,
				9DBC48621F9B8C070074093C /* XmppSwiftTests */,
			);
		};
/* End PBXProject section */

/* Begin PBXResourcesBuildPhase section */
		9DBC48521F9B877D0074093C /* Resources */ = {
			isa = PBXResourcesBuildPhase;
			buildActionMask = 2147483647;
			files = (
			);
			runOnlyForDeploymentPostprocessing = 0;
		};
		9DBC48611F9B8C070074093C /* Resources */ = {
			isa = PBXResourcesBuildPhase;
			buildActionMask = 2147483647;
			files = (
			);
			runOnlyForDeploymentPostprocessing = 0;
		};
/* End PBXResourcesBuildPhase section */

/* Begin PBXShellScriptBuildPhase section */
		280AF25209185D6BD76472C8 /* [CP] Check Pods Manifest.lock */ = {
			isa = PBXShellScriptBuildPhase;
			buildActionMask = 2147483647;
			files = (
			);
			inputPaths = (
				"${PODS_PODFILE_DIR_PATH}/Podfile.lock",
				"${PODS_ROOT}/Manifest.lock",
			);
			name = "[CP] Check Pods Manifest.lock";
			outputPaths = (
				"$(DERIVED_FILE_DIR)/Pods-XmppSwift-checkManifestLockResult.txt",
			);
			runOnlyForDeploymentPostprocessing = 0;
			shellPath = /bin/sh;
			shellScript = "diff \"${PODS_PODFILE_DIR_PATH}/Podfile.lock\" \"${PODS_ROOT}/Manifest.lock\" > /dev/null\nif [ $? != 0 ] ; then\n    # print error to STDERR\n    echo \"error: The sandbox is not in sync with the Podfile.lock. Run 'pod install' or update your CocoaPods installation.\" >&2\n    exit 1\nfi\n# This output is used by Xcode 'outputs' to avoid re-running this script phase.\necho \"SUCCESS\" > \"${SCRIPT_OUTPUT_FILE_0}\"\n";
			showEnvVarsInLog = 0;
		};
		8098305E381EFF21734E2D16 /* [CP] Embed Pods Frameworks */ = {
			isa = PBXShellScriptBuildPhase;
			buildActionMask = 2147483647;
			files = (
			);
			inputPaths = (
				"${SRCROOT}/Pods/Target Support Files/Pods-XmppSwiftTests/Pods-XmppSwiftTests-frameworks.sh",
				"${BUILT_PRODUCTS_DIR}/Socket.swift/SocketSwift.framework",
				"${BUILT_PRODUCTS_DIR}/Xml.swift/XmlSwift.framework",
			);
			name = "[CP] Embed Pods Frameworks";
			outputPaths = (
				"${TARGET_BUILD_DIR}/${FRAMEWORKS_FOLDER_PATH}/SocketSwift.framework",
				"${TARGET_BUILD_DIR}/${FRAMEWORKS_FOLDER_PATH}/XmlSwift.framework",
			);
			runOnlyForDeploymentPostprocessing = 0;
			shellPath = /bin/sh;
			shellScript = "\"${SRCROOT}/Pods/Target Support Files/Pods-XmppSwiftTests/Pods-XmppSwiftTests-frameworks.sh\"\n";
			showEnvVarsInLog = 0;
		};
		994450A5579FA777C3105ADA /* [CP] Check Pods Manifest.lock */ = {
			isa = PBXShellScriptBuildPhase;
			buildActionMask = 2147483647;
			files = (
			);
			inputPaths = (
				"${PODS_PODFILE_DIR_PATH}/Podfile.lock",
				"${PODS_ROOT}/Manifest.lock",
			);
			name = "[CP] Check Pods Manifest.lock";
			outputPaths = (
				"$(DERIVED_FILE_DIR)/Pods-XmppSwiftTests-checkManifestLockResult.txt",
			);
			runOnlyForDeploymentPostprocessing = 0;
			shellPath = /bin/sh;
			shellScript = "diff \"${PODS_PODFILE_DIR_PATH}/Podfile.lock\" \"${PODS_ROOT}/Manifest.lock\" > /dev/null\nif [ $? != 0 ] ; then\n    # print error to STDERR\n    echo \"error: The sandbox is not in sync with the Podfile.lock. Run 'pod install' or update your CocoaPods installation.\" >&2\n    exit 1\nfi\n# This output is used by Xcode 'outputs' to avoid re-running this script phase.\necho \"SUCCESS\" > \"${SCRIPT_OUTPUT_FILE_0}\"\n";
			showEnvVarsInLog = 0;
		};
		DE1C99868D1D0CA04C481717 /* [CP] Copy Pods Resources */ = {
			isa = PBXShellScriptBuildPhase;
			buildActionMask = 2147483647;
			files = (
			);
			inputPaths = (
			);
			name = "[CP] Copy Pods Resources";
			outputPaths = (
			);
			runOnlyForDeploymentPostprocessing = 0;
			shellPath = /bin/sh;
			shellScript = "\"${SRCROOT}/Pods/Target Support Files/Pods-XmppSwiftTests/Pods-XmppSwiftTests-resources.sh\"\n";
			showEnvVarsInLog = 0;
		};
		EFF5F2CD97F1423CAA7D1B48 /* [CP] Copy Pods Resources */ = {
			isa = PBXShellScriptBuildPhase;
			buildActionMask = 2147483647;
			files = (
			);
			inputPaths = (
			);
			name = "[CP] Copy Pods Resources";
			outputPaths = (
			);
			runOnlyForDeploymentPostprocessing = 0;
			shellPath = /bin/sh;
			shellScript = "\"${SRCROOT}/Pods/Target Support Files/Pods-XmppSwift/Pods-XmppSwift-resources.sh\"\n";
			showEnvVarsInLog = 0;
		};
/* End PBXShellScriptBuildPhase section */

/* Begin PBXSourcesBuildPhase section */
		9DBC484F1F9B877D0074093C /* Sources */ = {
			isa = PBXSourcesBuildPhase;
			buildActionMask = 2147483647;
			files = (
				9DA249611FA4EA58006455EC /* XmppStanza.swift in Sources */,
				9DB93C351FC72AD6003B06F8 /* XmppStreamDelegate.swift in Sources */,
				9DB6E4051FA3EBCE00F48512 /* XmppDefaultBinder.swift in Sources */,
				9DBC48711F9BADCB0074093C /* XmppJID.swift in Sources */,
				9DBC486F1F9BABC80074093C /* XmppStream.swift in Sources */,
				9DAA7CEB1FA5CAEE00B12978 /* XmppSocket.swift in Sources */,
				9DB6E4031FA3EB6A00F48512 /* XmppBinder.swift in Sources */,
				9DAAB70C1FB4B0FE00D99304 /* XmppSrvResolver.swift in Sources */,
				9D1F63F21F9DDDFD009C0983 /* XmppPlainAuthenticator.swift in Sources */,
				9DC07B101FA1149C00A59542 /* XmppIQ.swift in Sources */,
				9D1F63F01F9DD7F8009C0983 /* XmppAuthenticator.swift in Sources */,
				9DB6E4011FA3E77E00F48512 /* XmppFeatures.swift in Sources */,
				9D1F63F41F9DDE36009C0983 /* XmppAnonymusAuthenticator.swift in Sources */,
				9DB6E3FF1FA266C600F48512 /* MulticastDelegate.swift in Sources */,
				9DC07B121FA114F600A59542 /* XmppPresence.swift in Sources */,
				9DC07B0E1FA1145F00A59542 /* XmppMessage.swift in Sources */,
				9DF6A7EA1FF54350007A361C /* XmppContact.swift in Sources */,
				9D1F63F61F9E52EC009C0983 /* XmppReader.swift in Sources */,
				9DC07B161FA12EE600A59542 /* Helpers.swift in Sources */,
			);
			runOnlyForDeploymentPostprocessing = 0;
		};
		9DBC485F1F9B8C070074093C /* Sources */ = {
			isa = PBXSourcesBuildPhase;
			buildActionMask = 2147483647;
			files = (
				9DBC48661F9B8C070074093C /* XmppSwiftTests.swift in Sources */,
			);
			runOnlyForDeploymentPostprocessing = 0;
		};
/* End PBXSourcesBuildPhase section */

/* Begin PBXTargetDependency section */
		9D1F63EB1F9BB90F009C0983 /* PBXTargetDependency */ = {
			isa = PBXTargetDependency;
			target = 9DBC48531F9B877D0074093C /* XmppSwift */;
			targetProxy = 9D1F63EA1F9BB90F009C0983 /* PBXContainerItemProxy */;
		};
/* End PBXTargetDependency section */

/* Begin XCBuildConfiguration section */
		9DBC485A1F9B877D0074093C /* Debug */ = {
			isa = XCBuildConfiguration;
			buildSettings = {
				ALWAYS_SEARCH_USER_PATHS = NO;
				CLANG_ANALYZER_NONNULL = YES;
				CLANG_ANALYZER_NUMBER_OBJECT_CONVERSION = YES_AGGRESSIVE;
				CLANG_CXX_LANGUAGE_STANDARD = "gnu++14";
				CLANG_CXX_LIBRARY = "libc++";
				CLANG_ENABLE_MODULES = YES;
				CLANG_ENABLE_OBJC_ARC = YES;
				CLANG_WARN_BLOCK_CAPTURE_AUTORELEASING = YES;
				CLANG_WARN_BOOL_CONVERSION = YES;
				CLANG_WARN_COMMA = YES;
				CLANG_WARN_CONSTANT_CONVERSION = YES;
				CLANG_WARN_DIRECT_OBJC_ISA_USAGE = YES_ERROR;
				CLANG_WARN_DOCUMENTATION_COMMENTS = YES;
				CLANG_WARN_EMPTY_BODY = YES;
				CLANG_WARN_ENUM_CONVERSION = YES;
				CLANG_WARN_INFINITE_RECURSION = YES;
				CLANG_WARN_INT_CONVERSION = YES;
				CLANG_WARN_NON_LITERAL_NULL_CONVERSION = YES;
				CLANG_WARN_OBJC_LITERAL_CONVERSION = YES;
				CLANG_WARN_OBJC_ROOT_CLASS = YES_ERROR;
				CLANG_WARN_RANGE_LOOP_ANALYSIS = YES;
				CLANG_WARN_STRICT_PROTOTYPES = YES;
				CLANG_WARN_SUSPICIOUS_MOVE = YES;
				CLANG_WARN_UNGUARDED_AVAILABILITY = YES_AGGRESSIVE;
				CLANG_WARN_UNREACHABLE_CODE = YES;
				CLANG_WARN__DUPLICATE_METHOD_MATCH = YES;
				CODE_SIGN_IDENTITY = "iPhone Developer";
				COPY_PHASE_STRIP = NO;
				CURRENT_PROJECT_VERSION = 1;
				DEBUG_INFORMATION_FORMAT = dwarf;
				ENABLE_STRICT_OBJC_MSGSEND = YES;
				ENABLE_TESTABILITY = YES;
				GCC_C_LANGUAGE_STANDARD = gnu11;
				GCC_DYNAMIC_NO_PIC = NO;
				GCC_NO_COMMON_BLOCKS = YES;
				GCC_OPTIMIZATION_LEVEL = 0;
				GCC_PREPROCESSOR_DEFINITIONS = (
					"DEBUG=1",
					"$(inherited)",
				);
				GCC_WARN_64_TO_32_BIT_CONVERSION = YES;
				GCC_WARN_ABOUT_RETURN_TYPE = YES_ERROR;
				GCC_WARN_UNDECLARED_SELECTOR = YES;
				GCC_WARN_UNINITIALIZED_AUTOS = YES_AGGRESSIVE;
				GCC_WARN_UNUSED_FUNCTION = YES;
				GCC_WARN_UNUSED_VARIABLE = YES;
				IPHONEOS_DEPLOYMENT_TARGET = 8.0;
				MACOSX_DEPLOYMENT_TARGET = 10.9;
				MTL_ENABLE_DEBUG_INFO = YES;
				ONLY_ACTIVE_ARCH = YES;
				SDKROOT = iphoneos;
				SWIFT_ACTIVE_COMPILATION_CONDITIONS = DEBUG;
				SWIFT_OPTIMIZATION_LEVEL = "-Onone";
				TVOS_DEPLOYMENT_TARGET = 9.0;
				VERSIONING_SYSTEM = "apple-generic";
				VERSION_INFO_PREFIX = "";
			};
			name = Debug;
		};
		9DBC485B1F9B877D0074093C /* Release */ = {
			isa = XCBuildConfiguration;
			buildSettings = {
				ALWAYS_SEARCH_USER_PATHS = NO;
				CLANG_ANALYZER_NONNULL = YES;
				CLANG_ANALYZER_NUMBER_OBJECT_CONVERSION = YES_AGGRESSIVE;
				CLANG_CXX_LANGUAGE_STANDARD = "gnu++14";
				CLANG_CXX_LIBRARY = "libc++";
				CLANG_ENABLE_MODULES = YES;
				CLANG_ENABLE_OBJC_ARC = YES;
				CLANG_WARN_BLOCK_CAPTURE_AUTORELEASING = YES;
				CLANG_WARN_BOOL_CONVERSION = YES;
				CLANG_WARN_COMMA = YES;
				CLANG_WARN_CONSTANT_CONVERSION = YES;
				CLANG_WARN_DIRECT_OBJC_ISA_USAGE = YES_ERROR;
				CLANG_WARN_DOCUMENTATION_COMMENTS = YES;
				CLANG_WARN_EMPTY_BODY = YES;
				CLANG_WARN_ENUM_CONVERSION = YES;
				CLANG_WARN_INFINITE_RECURSION = YES;
				CLANG_WARN_INT_CONVERSION = YES;
				CLANG_WARN_NON_LITERAL_NULL_CONVERSION = YES;
				CLANG_WARN_OBJC_LITERAL_CONVERSION = YES;
				CLANG_WARN_OBJC_ROOT_CLASS = YES_ERROR;
				CLANG_WARN_RANGE_LOOP_ANALYSIS = YES;
				CLANG_WARN_STRICT_PROTOTYPES = YES;
				CLANG_WARN_SUSPICIOUS_MOVE = YES;
				CLANG_WARN_UNGUARDED_AVAILABILITY = YES_AGGRESSIVE;
				CLANG_WARN_UNREACHABLE_CODE = YES;
				CLANG_WARN__DUPLICATE_METHOD_MATCH = YES;
				CODE_SIGN_IDENTITY = "iPhone Developer";
				COPY_PHASE_STRIP = NO;
				CURRENT_PROJECT_VERSION = 1;
				DEBUG_INFORMATION_FORMAT = "dwarf-with-dsym";
				ENABLE_NS_ASSERTIONS = NO;
				ENABLE_STRICT_OBJC_MSGSEND = YES;
				GCC_C_LANGUAGE_STANDARD = gnu11;
				GCC_NO_COMMON_BLOCKS = YES;
				GCC_WARN_64_TO_32_BIT_CONVERSION = YES;
				GCC_WARN_ABOUT_RETURN_TYPE = YES_ERROR;
				GCC_WARN_UNDECLARED_SELECTOR = YES;
				GCC_WARN_UNINITIALIZED_AUTOS = YES_AGGRESSIVE;
				GCC_WARN_UNUSED_FUNCTION = YES;
				GCC_WARN_UNUSED_VARIABLE = YES;
				IPHONEOS_DEPLOYMENT_TARGET = 8.0;
				MACOSX_DEPLOYMENT_TARGET = 10.9;
				MTL_ENABLE_DEBUG_INFO = NO;
				SDKROOT = iphoneos;
				SWIFT_OPTIMIZATION_LEVEL = "-Owholemodule";
				TVOS_DEPLOYMENT_TARGET = 9.0;
				VALIDATE_PRODUCT = YES;
				VERSIONING_SYSTEM = "apple-generic";
				VERSION_INFO_PREFIX = "";
			};
			name = Release;
		};
		9DBC485D1F9B877D0074093C /* Debug */ = {
			isa = XCBuildConfiguration;
			baseConfigurationReference = C7594283A1C33602784DF0E9 /* Pods-XmppSwift.debug.xcconfig */;
			buildSettings = {
				CLANG_ENABLE_MODULES = YES;
				CODE_SIGN_IDENTITY = "";
				CODE_SIGN_STYLE = Automatic;
				DEFINES_MODULE = YES;
				DEVELOPMENT_TEAM = SLC8XA65WS;
				DYLIB_COMPATIBILITY_VERSION = 1;
				DYLIB_CURRENT_VERSION = 1;
				DYLIB_INSTALL_NAME_BASE = "@rpath";
				INFOPLIST_FILE = "$(SRCROOT)/Sources/Info.plist";
				INSTALL_PATH = "$(LOCAL_LIBRARY_DIR)/Frameworks";
				LD_RUNPATH_SEARCH_PATHS = "$(inherited) @loader_path/Frameworks @executable_path/Frameworks @loader_path/../Frameworks @executable_path/../Frameworks";
				PRODUCT_BUNDLE_IDENTIFIER = com.biatoms.XmppSwift;
				PRODUCT_NAME = "$(TARGET_NAME:c99extidentifier)";
				SDKROOT = "";
				SKIP_INSTALL = YES;
				SUPPORTED_PLATFORMS = "macosx appletvsimulator appletvos iphoneos iphonesimulator";
				SWIFT_OPTIMIZATION_LEVEL = "-Onone";
				SWIFT_VERSION = 4.0;
				TARGETED_DEVICE_FAMILY = "1,2,3,4";
			};
			name = Debug;
		};
		9DBC485E1F9B877D0074093C /* Release */ = {
			isa = XCBuildConfiguration;
			baseConfigurationReference = 3142A38BD46231B101FC3372 /* Pods-XmppSwift.release.xcconfig */;
			buildSettings = {
				CLANG_ENABLE_MODULES = YES;
				CODE_SIGN_IDENTITY = "";
				CODE_SIGN_STYLE = Automatic;
				DEFINES_MODULE = YES;
				DEVELOPMENT_TEAM = SLC8XA65WS;
				DYLIB_COMPATIBILITY_VERSION = 1;
				DYLIB_CURRENT_VERSION = 1;
				DYLIB_INSTALL_NAME_BASE = "@rpath";
				INFOPLIST_FILE = "$(SRCROOT)/Sources/Info.plist";
				INSTALL_PATH = "$(LOCAL_LIBRARY_DIR)/Frameworks";
				LD_RUNPATH_SEARCH_PATHS = "$(inherited) @loader_path/Frameworks @executable_path/Frameworks @loader_path/../Frameworks @executable_path/../Frameworks";
				PRODUCT_BUNDLE_IDENTIFIER = com.biatoms.XmppSwift;
				PRODUCT_NAME = "$(TARGET_NAME:c99extidentifier)";
				SDKROOT = "";
				SKIP_INSTALL = YES;
				SUPPORTED_PLATFORMS = "macosx appletvsimulator appletvos iphoneos iphonesimulator";
				SWIFT_VERSION = 4.0;
				TARGETED_DEVICE_FAMILY = "1,2,3,4";
			};
			name = Release;
		};
		9DBC48681F9B8C070074093C /* Debug */ = {
			isa = XCBuildConfiguration;
			baseConfigurationReference = 0D568569AA758BD36B240812 /* Pods-XmppSwiftTests.debug.xcconfig */;
			buildSettings = {
				CODE_SIGN_IDENTITY = "";
				CODE_SIGN_STYLE = Automatic;
				DEVELOPMENT_TEAM = SLC8XA65WS;
				INFOPLIST_FILE = Tests/Info.plist;
				IPHONEOS_DEPLOYMENT_TARGET = 8.0;
				LD_RUNPATH_SEARCH_PATHS = "$(inherited) @loader_path/Frameworks @executable_path/Frameworks @loader_path/../Frameworks @executable_path/../Frameworks";
				MACOSX_DEPLOYMENT_TARGET = 10.9;
				PRODUCT_BUNDLE_IDENTIFIER = com.biatoms.XmppTests;
				PRODUCT_NAME = "$(TARGET_NAME)";
				SDKROOT = "";
				SUPPORTED_PLATFORMS = "macosx appletvsimulator appletvos iphoneos iphonesimulator";
				SWIFT_VERSION = 4.0;
				TARGETED_DEVICE_FAMILY = "1,2,3,4";
				TVOS_DEPLOYMENT_TARGET = 9.0;
			};
			name = Debug;
		};
		9DBC48691F9B8C070074093C /* Release */ = {
			isa = XCBuildConfiguration;
			baseConfigurationReference = 1389E326DF2AD0F6C323528E /* Pods-XmppSwiftTests.release.xcconfig */;
			buildSettings = {
				CODE_SIGN_IDENTITY = "";
				CODE_SIGN_STYLE = Automatic;
				DEVELOPMENT_TEAM = SLC8XA65WS;
				INFOPLIST_FILE = Tests/Info.plist;
				IPHONEOS_DEPLOYMENT_TARGET = 8.0;
				LD_RUNPATH_SEARCH_PATHS = "$(inherited) @loader_path/Frameworks @executable_path/Frameworks @loader_path/../Frameworks @executable_path/../Frameworks";
				MACOSX_DEPLOYMENT_TARGET = 10.9;
				PRODUCT_BUNDLE_IDENTIFIER = com.biatoms.XmppTests;
				PRODUCT_NAME = "$(TARGET_NAME)";
				SDKROOT = "";
				SUPPORTED_PLATFORMS = "macosx appletvsimulator appletvos iphoneos iphonesimulator";
				SWIFT_VERSION = 4.0;
				TARGETED_DEVICE_FAMILY = "1,2,3,4";
				TVOS_DEPLOYMENT_TARGET = 9.0;
			};
			name = Release;
		};
/* End XCBuildConfiguration section */

/* Begin XCConfigurationList section */
		9DBC484E1F9B877D0074093C /* Build configuration list for PBXProject "XmppSwift" */ = {
			isa = XCConfigurationList;
			buildConfigurations = (
				9DBC485A1F9B877D0074093C /* Debug */,
				9DBC485B1F9B877D0074093C /* Release */,
			);
			defaultConfigurationIsVisible = 0;
			defaultConfigurationName = Release;
		};
		9DBC485C1F9B877D0074093C /* Build configuration list for PBXNativeTarget "XmppSwift" */ = {
			isa = XCConfigurationList;
			buildConfigurations = (
				9DBC485D1F9B877D0074093C /* Debug */,
				9DBC485E1F9B877D0074093C /* Release */,
			);
			defaultConfigurationIsVisible = 0;
			defaultConfigurationName = Release;
		};
		9DBC486A1F9B8C070074093C /* Build configuration list for PBXNativeTarget "XmppSwiftTests" */ = {
			isa = XCConfigurationList;
			buildConfigurations = (
				9DBC48681F9B8C070074093C /* Debug */,
				9DBC48691F9B8C070074093C /* Release */,
			);
			defaultConfigurationIsVisible = 0;
			defaultConfigurationName = Release;
		};
/* End XCConfigurationList section */
	};
	rootObject = 9DBC484B1F9B877D0074093C /* Project object */;
}
